
Microsoft Visual Studio Solution File, Format Version 12.00
# Visual Studio Version 17
VisualStudioVersion = 17.1.32414.318
MinimumVisualStudioVersion = 10.0.40219.1
Project("{9A19103F-16F7-4668-BE54-9A1E7A4F7556}") = "GLEngine", "GLEngine\GLEngine.csproj", "{4C881CC4-82CD-4EC4-AA64-8AE9499E22BF}"
	ProjectSection(ProjectDependencies) = postProject
		{9E3018F3-770E-4CFD-87D0-BAEE66E9FE8F} = {9E3018F3-770E-4CFD-87D0-BAEE66E9FE8F}
	EndProjectSection
EndProject
Project("{D954291E-2A0B-460D-934E-DC6B0785DB48}") = "Khronos.Net", "Khronos.Net\Khronos.Net.shproj", "{C403B635-6B87-4540-8679-7889ED5D3360}"
EndProject
Project("{FAE04EC0-301F-11D3-BF4B-00C04F79EFBC}") = "OpenGL.Net_net461", "OpenGL.Net\OpenGL.Net_net461.csproj", "{9E3018F3-770E-4CFD-87D0-BAEE66E9FE8F}"
EndProject
Project("{FAE04EC0-301F-11D3-BF4B-00C04F79EFBC}") = "BindingsGen", "BindingsGen\BindingsGen.csproj", "{6CE61C1E-E93A-404A-89B7-1E8EA3BAF663}"
EndProject
Project("{FAE04EC0-301F-11D3-BF4B-00C04F79EFBC}") = "OpenGL.Net.Math_net461", "OpenGL.Net\OpenGL.Net.Math_net461.csproj", "{05DFBC0C-AFBC-4ED0-BF43-80D7BB4E8DFD}"
EndProject
Project("{FAE04EC0-301F-11D3-BF4B-00C04F79EFBC}") = "OpenGL.Net.WinForms_net461", "OpenGL.Net.WinForms\OpenGL.Net.WinForms_net461.csproj", "{1DA7D767-B83A-416E-A235-2EBE0FBE1769}"
EndProject
Project("{2150E333-8FDC-42A3-9474-1A3956D46DE8}") = "ImGUI", "ImGUI", "{7F7F5539-F362-4F86-A57F-2D42B87A838D}"
EndProject
Project("{9A19103F-16F7-4668-BE54-9A1E7A4F7556}") = "CodeGenerator", "ImGUI\CodeGenerator\CodeGenerator.csproj", "{B261D474-696A-4B56-B44A-ECAEE41D3FBC}"
EndProject
Project("{9A19103F-16F7-4668-BE54-9A1E7A4F7556}") = "ImGui.NET", "ImGUI\ImGui.NET\ImGui.NET.csproj", "{A9CCF15C-2CC0-4C9D-B8EF-C1780E13742A}"
EndProject
Project("{9A19103F-16F7-4668-BE54-9A1E7A4F7556}") = "ImGui.NET.SampleProgram", "ImGUI\ImGui.NET.SampleProgram\ImGui.NET.SampleProgram.csproj", "{8809D3FD-0D68-4799-8FEE-C4D2F486607D}"
EndProject
Project("{9A19103F-16F7-4668-BE54-9A1E7A4F7556}") = "ImGuizmo.NET", "ImGUI\ImGuizmo.NET\ImGuizmo.NET.csproj", "{1BC16FD4-D124-435F-99A5-6215881E2A07}"
EndProject
Project("{9A19103F-16F7-4668-BE54-9A1E7A4F7556}") = "ImNodes.NET", "ImGUI\ImNodes.NET\ImNodes.NET.csproj", "{16482928-F159-41DF-B6E4-B509327FA396}"
EndProject
Project("{9A19103F-16F7-4668-BE54-9A1E7A4F7556}") = "ImPlot.NET", "ImGUI\ImPlot.NET\ImPlot.NET.csproj", "{1204A80E-1632-4B95-8BC2-BF38E97F241D}"
EndProject
Project("{9A19103F-16F7-4668-BE54-9A1E7A4F7556}") = "Duality", "Duality\Duality.csproj", "{845DC894-E337-43A7-B270-FCE0ECB64F86}"
EndProject
Project("{9A19103F-16F7-4668-BE54-9A1E7A4F7556}") = "DualityPrimitives", "Primitives\DualityPrimitives.csproj", "{496A7C4C-BAE4-4952-AD11-EDF4C0469F04}"
EndProject
Global
	GlobalSection(SharedMSBuildProjectFiles) = preSolution
		Khronos.Net\Khronos.Net.projitems*{6ce61c1e-e93a-404a-89b7-1e8ea3baf663}*SharedItemsImports = 4
		Khronos.Net\Khronos.Net.projitems*{9e3018f3-770e-4cfd-87d0-baee66e9fe8f}*SharedItemsImports = 4
		Khronos.Net\Khronos.Net.projitems*{c403b635-6b87-4540-8679-7889ed5d3360}*SharedItemsImports = 13
	EndGlobalSection
	GlobalSection(SolutionConfigurationPlatforms) = preSolution
		Debug|Any CPU = Debug|Any CPU
		Debug|x64 = Debug|x64
		Debug|x86 = Debug|x86
		Release|Any CPU = Release|Any CPU
		Release|x64 = Release|x64
		Release|x86 = Release|x86
	EndGlobalSection
	GlobalSection(ProjectConfigurationPlatforms) = postSolution
		{4C881CC4-82CD-4EC4-AA64-8AE9499E22BF}.Debug|Any CPU.ActiveCfg = Debug|Any CPU
		{4C881CC4-82CD-4EC4-AA64-8AE9499E22BF}.Debug|Any CPU.Build.0 = Debug|Any CPU
		{4C881CC4-82CD-4EC4-AA64-8AE9499E22BF}.Debug|x64.ActiveCfg = Debug|Any CPU
		{4C881CC4-82CD-4EC4-AA64-8AE9499E22BF}.Debug|x64.Build.0 = Debug|Any CPU
		{4C881CC4-82CD-4EC4-AA64-8AE9499E22BF}.Debug|x86.ActiveCfg = Debug|Any CPU
		{4C881CC4-82CD-4EC4-AA64-8AE9499E22BF}.Debug|x86.Build.0 = Debug|Any CPU
		{4C881CC4-82CD-4EC4-AA64-8AE9499E22BF}.Release|Any CPU.ActiveCfg = Release|Any CPU
		{4C881CC4-82CD-4EC4-AA64-8AE9499E22BF}.Release|Any CPU.Build.0 = Release|Any CPU
		{4C881CC4-82CD-4EC4-AA64-8AE9499E22BF}.Release|x64.ActiveCfg = Release|Any CPU
		{4C881CC4-82CD-4EC4-AA64-8AE9499E22BF}.Release|x64.Build.0 = Release|Any CPU
		{4C881CC4-82CD-4EC4-AA64-8AE9499E22BF}.Release|x86.ActiveCfg = Release|Any CPU
		{4C881CC4-82CD-4EC4-AA64-8AE9499E22BF}.Release|x86.Build.0 = Release|Any CPU
		{9E3018F3-770E-4CFD-87D0-BAEE66E9FE8F}.Debug|Any CPU.ActiveCfg = Debug|Any CPU
		{9E3018F3-770E-4CFD-87D0-BAEE66E9FE8F}.Debug|Any CPU.Build.0 = Debug|Any CPU
		{9E3018F3-770E-4CFD-87D0-BAEE66E9FE8F}.Debug|x64.ActiveCfg = Debug|x64
		{9E3018F3-770E-4CFD-87D0-BAEE66E9FE8F}.Debug|x64.Build.0 = Debug|x64
		{9E3018F3-770E-4CFD-87D0-BAEE66E9FE8F}.Debug|x86.ActiveCfg = Debug|x86
		{9E3018F3-770E-4CFD-87D0-BAEE66E9FE8F}.Debug|x86.Build.0 = Debug|x86
		{9E3018F3-770E-4CFD-87D0-BAEE66E9FE8F}.Release|Any CPU.ActiveCfg = Release|Any CPU
		{9E3018F3-770E-4CFD-87D0-BAEE66E9FE8F}.Release|Any CPU.Build.0 = Release|Any CPU
		{9E3018F3-770E-4CFD-87D0-BAEE66E9FE8F}.Release|x64.ActiveCfg = Release|x64
		{9E3018F3-770E-4CFD-87D0-BAEE66E9FE8F}.Release|x64.Build.0 = Release|x64
		{9E3018F3-770E-4CFD-87D0-BAEE66E9FE8F}.Release|x86.ActiveCfg = Release|x86
		{9E3018F3-770E-4CFD-87D0-BAEE66E9FE8F}.Release|x86.Build.0 = Release|x86
		{6CE61C1E-E93A-404A-89B7-1E8EA3BAF663}.Debug|Any CPU.ActiveCfg = Debug|Any CPU
		{6CE61C1E-E93A-404A-89B7-1E8EA3BAF663}.Debug|Any CPU.Build.0 = Debug|Any CPU
		{6CE61C1E-E93A-404A-89B7-1E8EA3BAF663}.Debug|x64.ActiveCfg = Debug|Any CPU
		{6CE61C1E-E93A-404A-89B7-1E8EA3BAF663}.Debug|x64.Build.0 = Debug|Any CPU
		{6CE61C1E-E93A-404A-89B7-1E8EA3BAF663}.Debug|x86.ActiveCfg = Debug|Any CPU
		{6CE61C1E-E93A-404A-89B7-1E8EA3BAF663}.Debug|x86.Build.0 = Debug|Any CPU
		{6CE61C1E-E93A-404A-89B7-1E8EA3BAF663}.Release|Any CPU.ActiveCfg = Release|Any CPU
		{6CE61C1E-E93A-404A-89B7-1E8EA3BAF663}.Release|Any CPU.Build.0 = Release|Any CPU
		{6CE61C1E-E93A-404A-89B7-1E8EA3BAF663}.Release|x64.ActiveCfg = Release|Any CPU
		{6CE61C1E-E93A-404A-89B7-1E8EA3BAF663}.Release|x64.Build.0 = Release|Any CPU
		{6CE61C1E-E93A-404A-89B7-1E8EA3BAF663}.Release|x86.ActiveCfg = Release|Any CPU
		{6CE61C1E-E93A-404A-89B7-1E8EA3BAF663}.Release|x86.Build.0 = Release|Any CPU
		{05DFBC0C-AFBC-4ED0-BF43-80D7BB4E8DFD}.Debug|Any CPU.ActiveCfg = Debug|Any CPU
		{05DFBC0C-AFBC-4ED0-BF43-80D7BB4E8DFD}.Debug|Any CPU.Build.0 = Debug|Any CPU
		{05DFBC0C-AFBC-4ED0-BF43-80D7BB4E8DFD}.Debug|x64.ActiveCfg = Debug|x64
		{05DFBC0C-AFBC-4ED0-BF43-80D7BB4E8DFD}.Debug|x64.Build.0 = Debug|x64
		{05DFBC0C-AFBC-4ED0-BF43-80D7BB4E8DFD}.Debug|x86.ActiveCfg = Debug|x86
		{05DFBC0C-AFBC-4ED0-BF43-80D7BB4E8DFD}.Debug|x86.Build.0 = Debug|x86
		{05DFBC0C-AFBC-4ED0-BF43-80D7BB4E8DFD}.Release|Any CPU.ActiveCfg = Release|Any CPU
		{05DFBC0C-AFBC-4ED0-BF43-80D7BB4E8DFD}.Release|Any CPU.Build.0 = Release|Any CPU
		{05DFBC0C-AFBC-4ED0-BF43-80D7BB4E8DFD}.Release|x64.ActiveCfg = Release|x64
		{05DFBC0C-AFBC-4ED0-BF43-80D7BB4E8DFD}.Release|x64.Build.0 = Release|x64
		{05DFBC0C-AFBC-4ED0-BF43-80D7BB4E8DFD}.Release|x86.ActiveCfg = Release|x86
		{05DFBC0C-AFBC-4ED0-BF43-80D7BB4E8DFD}.Release|x86.Build.0 = Release|x86
		{1DA7D767-B83A-416E-A235-2EBE0FBE1769}.Debug|Any CPU.ActiveCfg = Debug|Any CPU
		{1DA7D767-B83A-416E-A235-2EBE0FBE1769}.Debug|Any CPU.Build.0 = Debug|Any CPU
		{1DA7D767-B83A-416E-A235-2EBE0FBE1769}.Debug|x64.ActiveCfg = Debug|x64
		{1DA7D767-B83A-416E-A235-2EBE0FBE1769}.Debug|x64.Build.0 = Debug|x64
		{1DA7D767-B83A-416E-A235-2EBE0FBE1769}.Debug|x86.ActiveCfg = Debug|x86
		{1DA7D767-B83A-416E-A235-2EBE0FBE1769}.Debug|x86.Build.0 = Debug|x86
		{1DA7D767-B83A-416E-A235-2EBE0FBE1769}.Release|Any CPU.ActiveCfg = Release|Any CPU
		{1DA7D767-B83A-416E-A235-2EBE0FBE1769}.Release|Any CPU.Build.0 = Release|Any CPU
		{1DA7D767-B83A-416E-A235-2EBE0FBE1769}.Release|x64.ActiveCfg = Release|x64
		{1DA7D767-B83A-416E-A235-2EBE0FBE1769}.Release|x64.Build.0 = Release|x64
		{1DA7D767-B83A-416E-A235-2EBE0FBE1769}.Release|x86.ActiveCfg = Release|x86
		{1DA7D767-B83A-416E-A235-2EBE0FBE1769}.Release|x86.Build.0 = Release|x86
		{B261D474-696A-4B56-B44A-ECAEE41D3FBC}.Debug|Any CPU.ActiveCfg = Debug|Any CPU
		{B261D474-696A-4B56-B44A-ECAEE41D3FBC}.Debug|Any CPU.Build.0 = Debug|Any CPU
		{B261D474-696A-4B56-B44A-ECAEE41D3FBC}.Debug|x64.ActiveCfg = Debug|Any CPU
		{B261D474-696A-4B56-B44A-ECAEE41D3FBC}.Debug|x64.Build.0 = Debug|Any CPU
		{B261D474-696A-4B56-B44A-ECAEE41D3FBC}.Debug|x86.ActiveCfg = Debug|Any CPU
		{B261D474-696A-4B56-B44A-ECAEE41D3FBC}.Debug|x86.Build.0 = Debug|Any CPU
		{B261D474-696A-4B56-B44A-ECAEE41D3FBC}.Release|Any CPU.ActiveCfg = Release|Any CPU
		{B261D474-696A-4B56-B44A-ECAEE41D3FBC}.Release|Any CPU.Build.0 = Release|Any CPU
		{B261D474-696A-4B56-B44A-ECAEE41D3FBC}.Release|x64.ActiveCfg = Release|Any CPU
		{B261D474-696A-4B56-B44A-ECAEE41D3FBC}.Release|x64.Build.0 = Release|Any CPU
		{B261D474-696A-4B56-B44A-ECAEE41D3FBC}.Release|x86.ActiveCfg = Release|Any CPU
		{B261D474-696A-4B56-B44A-ECAEE41D3FBC}.Release|x86.Build.0 = Release|Any CPU
		{A9CCF15C-2CC0-4C9D-B8EF-C1780E13742A}.Debug|Any CPU.ActiveCfg = Debug|Any CPU
		{A9CCF15C-2CC0-4C9D-B8EF-C1780E13742A}.Debug|Any CPU.Build.0 = Debug|Any CPU
		{A9CCF15C-2CC0-4C9D-B8EF-C1780E13742A}.Debug|x64.ActiveCfg = Debug|Any CPU
		{A9CCF15C-2CC0-4C9D-B8EF-C1780E13742A}.Debug|x64.Build.0 = Debug|Any CPU
		{A9CCF15C-2CC0-4C9D-B8EF-C1780E13742A}.Debug|x86.ActiveCfg = Debug|Any CPU
		{A9CCF15C-2CC0-4C9D-B8EF-C1780E13742A}.Debug|x86.Build.0 = Debug|Any CPU
		{A9CCF15C-2CC0-4C9D-B8EF-C1780E13742A}.Release|Any CPU.ActiveCfg = Release|Any CPU
		{A9CCF15C-2CC0-4C9D-B8EF-C1780E13742A}.Release|Any CPU.Build.0 = Release|Any CPU
		{A9CCF15C-2CC0-4C9D-B8EF-C1780E13742A}.Release|x64.ActiveCfg = Release|Any CPU
		{A9CCF15C-2CC0-4C9D-B8EF-C1780E13742A}.Release|x64.Build.0 = Release|Any CPU
		{A9CCF15C-2CC0-4C9D-B8EF-C1780E13742A}.Release|x86.ActiveCfg = Release|Any CPU
		{A9CCF15C-2CC0-4C9D-B8EF-C1780E13742A}.Release|x86.Build.0 = Release|Any CPU
		{8809D3FD-0D68-4799-8FEE-C4D2F486607D}.Debug|Any CPU.ActiveCfg = Debug|Any CPU
		{8809D3FD-0D68-4799-8FEE-C4D2F486607D}.Debug|Any CPU.Build.0 = Debug|Any CPU
		{8809D3FD-0D68-4799-8FEE-C4D2F486607D}.Debug|x64.ActiveCfg = Debug|Any CPU
		{8809D3FD-0D68-4799-8FEE-C4D2F486607D}.Debug|x64.Build.0 = Debug|Any CPU
		{8809D3FD-0D68-4799-8FEE-C4D2F486607D}.Debug|x86.ActiveCfg = Debug|Any CPU
		{8809D3FD-0D68-4799-8FEE-C4D2F486607D}.Debug|x86.Build.0 = Debug|Any CPU
		{8809D3FD-0D68-4799-8FEE-C4D2F486607D}.Release|Any CPU.ActiveCfg = Release|Any CPU
		{8809D3FD-0D68-4799-8FEE-C4D2F486607D}.Release|Any CPU.Build.0 = Release|Any CPU
		{8809D3FD-0D68-4799-8FEE-C4D2F486607D}.Release|x64.ActiveCfg = Release|Any CPU
		{8809D3FD-0D68-4799-8FEE-C4D2F486607D}.Release|x64.Build.0 = Release|Any CPU
		{8809D3FD-0D68-4799-8FEE-C4D2F486607D}.Release|x86.ActiveCfg = Release|Any CPU
		{8809D3FD-0D68-4799-8FEE-C4D2F486607D}.Release|x86.Build.0 = Release|Any CPU
		{1BC16FD4-D124-435F-99A5-6215881E2A07}.Debug|Any CPU.ActiveCfg = Debug|Any CPU
		{1BC16FD4-D124-435F-99A5-6215881E2A07}.Debug|Any CPU.Build.0 = Debug|Any CPU
		{1BC16FD4-D124-435F-99A5-6215881E2A07}.Debug|x64.ActiveCfg = Debug|Any CPU
		{1BC16FD4-D124-435F-99A5-6215881E2A07}.Debug|x64.Build.0 = Debug|Any CPU
		{1BC16FD4-D124-435F-99A5-6215881E2A07}.Debug|x86.ActiveCfg = Debug|Any CPU
		{1BC16FD4-D124-435F-99A5-6215881E2A07}.Debug|x86.Build.0 = Debug|Any CPU
		{1BC16FD4-D124-435F-99A5-6215881E2A07}.Release|Any CPU.ActiveCfg = Release|Any CPU
		{1BC16FD4-D124-435F-99A5-6215881E2A07}.Release|Any CPU.Build.0 = Release|Any CPU
		{1BC16FD4-D124-435F-99A5-6215881E2A07}.Release|x64.ActiveCfg = Release|Any CPU
		{1BC16FD4-D124-435F-99A5-6215881E2A07}.Release|x64.Build.0 = Release|Any CPU
		{1BC16FD4-D124-435F-99A5-6215881E2A07}.Release|x86.ActiveCfg = Release|Any CPU
		{1BC16FD4-D124-435F-99A5-6215881E2A07}.Release|x86.Build.0 = Release|Any CPU
		{16482928-F159-41DF-B6E4-B509327FA396}.Debug|Any CPU.ActiveCfg = Debug|Any CPU
		{16482928-F159-41DF-B6E4-B509327FA396}.Debug|Any CPU.Build.0 = Debug|Any CPU
		{16482928-F159-41DF-B6E4-B509327FA396}.Debug|x64.ActiveCfg = Debug|Any CPU
		{16482928-F159-41DF-B6E4-B509327FA396}.Debug|x64.Build.0 = Debug|Any CPU
		{16482928-F159-41DF-B6E4-B509327FA396}.Debug|x86.ActiveCfg = Debug|Any CPU
		{16482928-F159-41DF-B6E4-B509327FA396}.Debug|x86.Build.0 = Debug|Any CPU
		{16482928-F159-41DF-B6E4-B509327FA396}.Release|Any CPU.ActiveCfg = Release|Any CPU
		{16482928-F159-41DF-B6E4-B509327FA396}.Release|Any CPU.Build.0 = Release|Any CPU
		{16482928-F159-41DF-B6E4-B509327FA396}.Release|x64.ActiveCfg = Release|Any CPU
		{16482928-F159-41DF-B6E4-B509327FA396}.Release|x64.Build.0 = Release|Any CPU
		{16482928-F159-41DF-B6E4-B509327FA396}.Release|x86.ActiveCfg = Release|Any CPU
		{16482928-F159-41DF-B6E4-B509327FA396}.Release|x86.Build.0 = Release|Any CPU
		{1204A80E-1632-4B95-8BC2-BF38E97F241D}.Debug|Any CPU.ActiveCfg = Debug|Any CPU
		{1204A80E-1632-4B95-8BC2-BF38E97F241D}.Debug|Any CPU.Build.0 = Debug|Any CPU
		{1204A80E-1632-4B95-8BC2-BF38E97F241D}.Debug|x64.ActiveCfg = Debug|Any CPU
		{1204A80E-1632-4B95-8BC2-BF38E97F241D}.Debug|x64.Build.0 = Debug|Any CPU
		{1204A80E-1632-4B95-8BC2-BF38E97F241D}.Debug|x86.ActiveCfg = Debug|Any CPU
		{1204A80E-1632-4B95-8BC2-BF38E97F241D}.Debug|x86.Build.0 = Debug|Any CPU
		{1204A80E-1632-4B95-8BC2-BF38E97F241D}.Release|Any CPU.ActiveCfg = Release|Any CPU
		{1204A80E-1632-4B95-8BC2-BF38E97F241D}.Release|Any CPU.Build.0 = Release|Any CPU
		{1204A80E-1632-4B95-8BC2-BF38E97F241D}.Release|x64.ActiveCfg = Release|Any CPU
		{1204A80E-1632-4B95-8BC2-BF38E97F241D}.Release|x64.Build.0 = Release|Any CPU
		{1204A80E-1632-4B95-8BC2-BF38E97F241D}.Release|x86.ActiveCfg = Release|Any CPU
		{1204A80E-1632-4B95-8BC2-BF38E97F241D}.Release|x86.Build.0 = Release|Any CPU
		{845DC894-E337-43A7-B270-FCE0ECB64F86}.Debug|Any CPU.ActiveCfg = Debug|Any CPU
		{845DC894-E337-43A7-B270-FCE0ECB64F86}.Debug|Any CPU.Build.0 = Debug|Any CPU
		{845DC894-E337-43A7-B270-FCE0ECB64F86}.Debug|x64.ActiveCfg = Debug|Any CPU
		{845DC894-E337-43A7-B270-FCE0ECB64F86}.Debug|x64.Build.0 = Debug|Any CPU
		{845DC894-E337-43A7-B270-FCE0ECB64F86}.Debug|x86.ActiveCfg = Debug|Any CPU
		{845DC894-E337-43A7-B270-FCE0ECB64F86}.Debug|x86.Build.0 = Debug|Any CPU
		{845DC894-E337-43A7-B270-FCE0ECB64F86}.Release|Any CPU.ActiveCfg = Release|Any CPU
		{845DC894-E337-43A7-B270-FCE0ECB64F86}.Release|Any CPU.Build.0 = Release|Any CPU
		{845DC894-E337-43A7-B270-FCE0ECB64F86}.Release|x64.ActiveCfg = Release|Any CPU
		{845DC894-E337-43A7-B270-FCE0ECB64F86}.Release|x64.Build.0 = Release|Any CPU
		{845DC894-E337-43A7-B270-FCE0ECB64F86}.Release|x86.ActiveCfg = Release|Any CPU
		{845DC894-E337-43A7-B270-FCE0ECB64F86}.Release|x86.Build.0 = Release|Any CPU
		{496A7C4C-BAE4-4952-AD11-EDF4C0469F04}.Debug|Any CPU.ActiveCfg = Debug|Any CPU
		{496A7C4C-BAE4-4952-AD11-EDF4C0469F04}.Debug|Any CPU.Build.0 = Debug|Any CPU
		{496A7C4C-BAE4-4952-AD11-EDF4C0469F04}.Debug|x64.ActiveCfg = Debug|Any CPU
		{496A7C4C-BAE4-4952-AD11-EDF4C0469F04}.Debug|x64.Build.0 = Debug|Any CPU
		{496A7C4C-BAE4-4952-AD11-EDF4C0469F04}.Debug|x86.ActiveCfg = Debug|Any CPU
		{496A7C4C-BAE4-4952-AD11-EDF4C0469F04}.Debug|x86.Build.0 = Debug|Any CPU
		{496A7C4C-BAE4-4952-AD11-EDF4C0469F04}.Release|Any CPU.ActiveCfg = Release|Any CPU
		{496A7C4C-BAE4-4952-AD11-EDF4C0469F04}.Release|Any CPU.Build.0 = Release|Any CPU
		{496A7C4C-BAE4-4952-AD11-EDF4C0469F04}.Release|x64.ActiveCfg = Release|Any CPU
		{496A7C4C-BAE4-4952-AD11-EDF4C0469F04}.Release|x64.Build.0 = Release|Any CPU
		{496A7C4C-BAE4-4952-AD11-EDF4C0469F04}.Release|x86.ActiveCfg = Release|Any CPU
		{496A7C4C-BAE4-4952-AD11-EDF4C0469F04}.Release|x86.Build.0 = Release|Any CPU
	EndGlobalSection
	GlobalSection(SolutionProperties) = preSolution
		HideSolutionNode = FALSE
	EndGlobalSection
	GlobalSection(NestedProjects) = preSolution
		{B261D474-696A-4B56-B44A-ECAEE41D3FBC} = {7F7F5539-F362-4F86-A57F-2D42B87A838D}
		{A9CCF15C-2CC0-4C9D-B8EF-C1780E13742A} = {7F7F5539-F362-4F86-A57F-2D42B87A838D}
		{8809D3FD-0D68-4799-8FEE-C4D2F486607D} = {7F7F5539-F362-4F86-A57F-2D42B87A838D}
		{1BC16FD4-D124-435F-99A5-6215881E2A07} = {7F7F5539-F362-4F86-A57F-2D42B87A838D}
		{16482928-F159-41DF-B6E4-B509327FA396} = {7F7F5539-F362-4F86-A57F-2D42B87A838D}
		{1204A80E-1632-4B95-8BC2-BF38E97F241D} = {7F7F5539-F362-4F86-A57F-2D42B87A838D}
	EndGlobalSection
	GlobalSection(ExtensibilityGlobals) = postSolution
		SolutionGuid = {10BE21FC-A508-40A6-AE0C-84170C237F29}
	EndGlobalSection
EndGlobal
